
Microsoft Visual Studio Solution File, Format Version 12.00
# Visual Studio 2012
Project("{FAE04EC0-301F-11D3-BF4B-00C04F79EFBC}") = "TodoMVCApp2", "TodoMVCApp2\TodoMVCApp2.csproj", "{B23FDD89-C57E-4D68-94E4-104D4B08C3DF}"
EndProject
Global
	GlobalSection(SolutionConfigurationPlatforms) = preSolution
		Debug|Any CPU = Debug|Any CPU
		Release|Any CPU = Release|Any CPU
	EndGlobalSection
	GlobalSection(ProjectConfigurationPlatforms) = postSolution
		{B23FDD89-C57E-4D68-94E4-104D4B08C3DF}.Debug|Any CPU.ActiveCfg = Debug|Any CPU
		{B23FDD89-C57E-4D68-94E4-104D4B08C3DF}.Debug|Any CPU.Build.0 = Debug|Any CPU
		{B23FDD89-C57E-4D68-94E4-104D4B08C3DF}.Release|Any CPU.ActiveCfg = Release|Any CPU
		{B23FDD89-C57E-4D68-94E4-104D4B08C3DF}.Release|Any CPU.Build.0 = Release|Any CPU
	EndGlobalSection
	GlobalSection(SolutionProperties) = preSolution
		HideSolutionNode = FALSE
	EndGlobalSection
EndGlobal
