
Microsoft Visual Studio Solution File, Format Version 12.00
# Visual Studio 2012
Project("{FAE04EC0-301F-11D3-BF4B-00C04F79EFBC}") = "GreetingMVCApp", "GreetingMVCApp\GreetingMVCApp.csproj", "{34F9CC51-9324-476F-9FAE-DA3B86B4A7BB}"
EndProject
Project("{FAE04EC0-301F-11D3-BF4B-00C04F79EFBC}") = "GreetingMVCAppTests", "GreetingMVCAppTests\GreetingMVCAppTests.csproj", "{3234BDEF-EE45-4AB6-B1D3-5022B7DF254F}"
EndProject
Global
	GlobalSection(SolutionConfigurationPlatforms) = preSolution
		Debug|Any CPU = Debug|Any CPU
		Release|Any CPU = Release|Any CPU
	EndGlobalSection
	GlobalSection(ProjectConfigurationPlatforms) = postSolution
		{34F9CC51-9324-476F-9FAE-DA3B86B4A7BB}.Debug|Any CPU.ActiveCfg = Debug|Any CPU
		{34F9CC51-9324-476F-9FAE-DA3B86B4A7BB}.Debug|Any CPU.Build.0 = Debug|Any CPU
		{34F9CC51-9324-476F-9FAE-DA3B86B4A7BB}.Release|Any CPU.ActiveCfg = Release|Any CPU
		{34F9CC51-9324-476F-9FAE-DA3B86B4A7BB}.Release|Any CPU.Build.0 = Release|Any CPU
		{3234BDEF-EE45-4AB6-B1D3-5022B7DF254F}.Debug|Any CPU.ActiveCfg = Debug|Any CPU
		{3234BDEF-EE45-4AB6-B1D3-5022B7DF254F}.Debug|Any CPU.Build.0 = Debug|Any CPU
		{3234BDEF-EE45-4AB6-B1D3-5022B7DF254F}.Release|Any CPU.ActiveCfg = Release|Any CPU
		{3234BDEF-EE45-4AB6-B1D3-5022B7DF254F}.Release|Any CPU.Build.0 = Release|Any CPU
	EndGlobalSection
	GlobalSection(SolutionProperties) = preSolution
		HideSolutionNode = FALSE
	EndGlobalSection
EndGlobal
